
Microsoft Visual Studio Solution File, Format Version 12.00
# Visual Studio Version 17
VisualStudioVersion = 17.4.33122.133
MinimumVisualStudioVersion = 10.0.40219.1
Project("{2150E333-8FDC-42A3-9474-1A3956D46DE8}") = "BackEnd", "BackEnd", "{4A89D7AD-79DE-4821-8DAA-A22228B99517}"
EndProject
Project("{9A19103F-16F7-4668-BE54-9A1E7A4F7556}") = "DataAccess", "DataAccess\DataAccess.csproj", "{F675CA19-9D5C-4BBC-BA80-077556C56F82}"
EndProject
Project("{9A19103F-16F7-4668-BE54-9A1E7A4F7556}") = "WebAPI", "WebAPI\WebAPI.csproj", "{4E31E5A4-D13B-42B0-86D1-5BA46D78C2C6}"
EndProject
Project("{2150E333-8FDC-42A3-9474-1A3956D46DE8}") = "CommonLibrary", "CommonLibrary", "{62E4F195-9984-4A38-B4C1-9156E9ABC57D}"
EndProject
Project("{2150E333-8FDC-42A3-9474-1A3956D46DE8}") = "Model", "Model", "{D98C40B4-93FF-4193-B066-F74EE1261F3C}"
EndProject
Project("{9A19103F-16F7-4668-BE54-9A1E7A4F7556}") = "Model", "Model\Model.csproj", "{46F67F1A-44C5-4404-8E1B-FADE45D67D0A}"
EndProject
Project("{2150E333-8FDC-42A3-9474-1A3956D46DE8}") = "FrontEnd", "FrontEnd", "{244BCA0E-EE4F-4E1B-BE30-B8A29C944094}"
EndProject
Project("{2150E333-8FDC-42A3-9474-1A3956D46DE8}") = "Solution Items", "Solution Items", "{114E8648-A90B-4982-8C1E-5150094DD73D}"
EndProject
Project("{9A19103F-16F7-4668-BE54-9A1E7A4F7556}") = "BulletinboardApp", "BulletinboardApp\BulletinboardApp.csproj", "{55907BA2-E761-4894-9DE2-B37456FA2C84}"
EndProject
Project("{9A19103F-16F7-4668-BE54-9A1E7A4F7556}") = "AppControls", "AppControls\AppControls.csproj", "{698B032C-DC62-423D-8E65-9D133756CC10}"
EndProject
Project("{9A19103F-16F7-4668-BE54-9A1E7A4F7556}") = "CommonLibrary", "CommonLibrary\CommonLibrary\CommonLibrary.csproj", "{B8AC9A92-77E7-41DF-B2BE-0C5F05B3AA1A}"
EndProject
Project("{FAE04EC0-301F-11D3-BF4B-00C04F79EFBC}") = "AppLibrary", "AppLibrary\AppLibrary.csproj", "{DA8B8585-BBE8-4D98-8A43-892686459A74}"
EndProject
Global
	GlobalSection(SolutionConfigurationPlatforms) = preSolution
		Debug|Any CPU = Debug|Any CPU
		Release|Any CPU = Release|Any CPU
	EndGlobalSection
	GlobalSection(ProjectConfigurationPlatforms) = postSolution
		{F675CA19-9D5C-4BBC-BA80-077556C56F82}.Debug|Any CPU.ActiveCfg = Debug|Any CPU
		{F675CA19-9D5C-4BBC-BA80-077556C56F82}.Debug|Any CPU.Build.0 = Debug|Any CPU
		{F675CA19-9D5C-4BBC-BA80-077556C56F82}.Release|Any CPU.ActiveCfg = Release|Any CPU
		{F675CA19-9D5C-4BBC-BA80-077556C56F82}.Release|Any CPU.Build.0 = Release|Any CPU
		{4E31E5A4-D13B-42B0-86D1-5BA46D78C2C6}.Debug|Any CPU.ActiveCfg = Debug|Any CPU
		{4E31E5A4-D13B-42B0-86D1-5BA46D78C2C6}.Debug|Any CPU.Build.0 = Debug|Any CPU
		{4E31E5A4-D13B-42B0-86D1-5BA46D78C2C6}.Release|Any CPU.ActiveCfg = Release|Any CPU
		{4E31E5A4-D13B-42B0-86D1-5BA46D78C2C6}.Release|Any CPU.Build.0 = Release|Any CPU
		{46F67F1A-44C5-4404-8E1B-FADE45D67D0A}.Debug|Any CPU.ActiveCfg = Debug|Any CPU
		{46F67F1A-44C5-4404-8E1B-FADE45D67D0A}.Debug|Any CPU.Build.0 = Debug|Any CPU
		{46F67F1A-44C5-4404-8E1B-FADE45D67D0A}.Release|Any CPU.ActiveCfg = Release|Any CPU
		{46F67F1A-44C5-4404-8E1B-FADE45D67D0A}.Release|Any CPU.Build.0 = Release|Any CPU
		{55907BA2-E761-4894-9DE2-B37456FA2C84}.Debug|Any CPU.ActiveCfg = Debug|Any CPU
		{55907BA2-E761-4894-9DE2-B37456FA2C84}.Debug|Any CPU.Build.0 = Debug|Any CPU
		{55907BA2-E761-4894-9DE2-B37456FA2C84}.Release|Any CPU.ActiveCfg = Release|Any CPU
		{55907BA2-E761-4894-9DE2-B37456FA2C84}.Release|Any CPU.Build.0 = Release|Any CPU
		{698B032C-DC62-423D-8E65-9D133756CC10}.Debug|Any CPU.ActiveCfg = Debug|Any CPU
		{698B032C-DC62-423D-8E65-9D133756CC10}.Debug|Any CPU.Build.0 = Debug|Any CPU
		{698B032C-DC62-423D-8E65-9D133756CC10}.Release|Any CPU.ActiveCfg = Release|Any CPU
		{698B032C-DC62-423D-8E65-9D133756CC10}.Release|Any CPU.Build.0 = Release|Any CPU
		{B8AC9A92-77E7-41DF-B2BE-0C5F05B3AA1A}.Debug|Any CPU.ActiveCfg = Debug|Any CPU
		{B8AC9A92-77E7-41DF-B2BE-0C5F05B3AA1A}.Debug|Any CPU.Build.0 = Debug|Any CPU
		{B8AC9A92-77E7-41DF-B2BE-0C5F05B3AA1A}.Release|Any CPU.ActiveCfg = Release|Any CPU
		{B8AC9A92-77E7-41DF-B2BE-0C5F05B3AA1A}.Release|Any CPU.Build.0 = Release|Any CPU
		{DA8B8585-BBE8-4D98-8A43-892686459A74}.Debug|Any CPU.ActiveCfg = Debug|Any CPU
		{DA8B8585-BBE8-4D98-8A43-892686459A74}.Debug|Any CPU.Build.0 = Debug|Any CPU
		{DA8B8585-BBE8-4D98-8A43-892686459A74}.Release|Any CPU.ActiveCfg = Release|Any CPU
		{DA8B8585-BBE8-4D98-8A43-892686459A74}.Release|Any CPU.Build.0 = Release|Any CPU
	EndGlobalSection
	GlobalSection(SolutionProperties) = preSolution
		HideSolutionNode = FALSE
	EndGlobalSection
	GlobalSection(NestedProjects) = preSolution
		{F675CA19-9D5C-4BBC-BA80-077556C56F82} = {4A89D7AD-79DE-4821-8DAA-A22228B99517}
		{4E31E5A4-D13B-42B0-86D1-5BA46D78C2C6} = {4A89D7AD-79DE-4821-8DAA-A22228B99517}
		{46F67F1A-44C5-4404-8E1B-FADE45D67D0A} = {D98C40B4-93FF-4193-B066-F74EE1261F3C}
		{55907BA2-E761-4894-9DE2-B37456FA2C84} = {244BCA0E-EE4F-4E1B-BE30-B8A29C944094}
		{698B032C-DC62-423D-8E65-9D133756CC10} = {244BCA0E-EE4F-4E1B-BE30-B8A29C944094}
		{B8AC9A92-77E7-41DF-B2BE-0C5F05B3AA1A} = {62E4F195-9984-4A38-B4C1-9156E9ABC57D}
		{DA8B8585-BBE8-4D98-8A43-892686459A74} = {244BCA0E-EE4F-4E1B-BE30-B8A29C944094}
	EndGlobalSection
	GlobalSection(ExtensibilityGlobals) = postSolution
		SolutionGuid = {D93B26C3-1267-418B-9219-990949B27D7F}
	EndGlobalSection
EndGlobal
